# THIS IS AN AUTOGENERATED FILE. DO NOT EDIT THIS FILE DIRECTLY.
# yarn lockfile v1


back@^1.0.2:
  version "1.0.2"
  resolved "https://registry.yarnpkg.com/back/-/back-1.0.2.tgz#a93f5e6ce69729984d5901a2bb16e3b01a4d6369"
  integrity sha1-qT9ebOaXKZhNWQGiuxbjsBpNY2k=
  dependencies:
    xtend "^4.0.0"

xtend@^4.0.0:
  version "4.0.2"
  resolved "https://registry.yarnpkg.com/xtend/-/xtend-4.0.2.tgz#bb72779f5fa465186b1f438f674fa347fdb5db54"
  integrity sha512-LKYU1iAXJXUgAXn9URjiu+MWhyUXHsvfp7mcuYm9dSUKK0/CjtrUwFAxD82/mCWbtLsGjFIad0wIsod4zrTAEQ==
